
Microsoft Visual Studio Solution File, Format Version 12.00
# Visual Studio Version 16
VisualStudioVersion = 16.0.29009.5
MinimumVisualStudioVersion = 10.0.40219.1
Project("{FAE04EC0-301F-11D3-BF4B-00C04F79EFBC}") = "VatService", "VatService\VatService.csproj", "{DC4BE446-EA46-4D08-A5E5-370E39720001}"
EndProject
Global
	GlobalSection(SolutionConfigurationPlatforms) = preSolution
		Debug|Any CPU = Debug|Any CPU
		Release|Any CPU = Release|Any CPU
	EndGlobalSection
	GlobalSection(ProjectConfigurationPlatforms) = postSolution
		{DC4BE446-EA46-4D08-A5E5-370E39720001}.Debug|Any CPU.ActiveCfg = Debug|Any CPU
		{DC4BE446-EA46-4D08-A5E5-370E39720001}.Debug|Any CPU.Build.0 = Debug|Any CPU
		{DC4BE446-EA46-4D08-A5E5-370E39720001}.Release|Any CPU.ActiveCfg = Release|Any CPU
		{DC4BE446-EA46-4D08-A5E5-370E39720001}.Release|Any CPU.Build.0 = Release|Any CPU
	EndGlobalSection
	GlobalSection(SolutionProperties) = preSolution
		HideSolutionNode = FALSE
	EndGlobalSection
	GlobalSection(ExtensibilityGlobals) = postSolution
		SolutionGuid = {C5D94571-873A-4A17-9339-F8069387C6F9}
	EndGlobalSection
EndGlobal
